
Microsoft Visual Studio Solution File, Format Version 12.00
# Visual Studio Version 17
VisualStudioVersion = 17.9.34714.143
MinimumVisualStudioVersion = 10.0.40219.1
Project("{FAE04EC0-301F-11D3-BF4B-00C04F79EFBC}") = "3.3claselabel_5207221", "3.3claselabel_5207221\3.3claselabel_5207221.csproj", "{FDEC9AF7-45BE-4FD6-BE91-9FF621DE0A21}"
EndProject
Global
	GlobalSection(SolutionConfigurationPlatforms) = preSolution
		Debug|Any CPU = Debug|Any CPU
		Release|Any CPU = Release|Any CPU
	EndGlobalSection
	GlobalSection(ProjectConfigurationPlatforms) = postSolution
		{FDEC9AF7-45BE-4FD6-BE91-9FF621DE0A21}.Debug|Any CPU.ActiveCfg = Debug|Any CPU
		{FDEC9AF7-45BE-4FD6-BE91-9FF621DE0A21}.Debug|Any CPU.Build.0 = Debug|Any CPU
		{FDEC9AF7-45BE-4FD6-BE91-9FF621DE0A21}.Release|Any CPU.ActiveCfg = Release|Any CPU
		{FDEC9AF7-45BE-4FD6-BE91-9FF621DE0A21}.Release|Any CPU.Build.0 = Release|Any CPU
	EndGlobalSection
	GlobalSection(SolutionProperties) = preSolution
		HideSolutionNode = FALSE
	EndGlobalSection
	GlobalSection(ExtensibilityGlobals) = postSolution
		SolutionGuid = {B7E53509-2A8E-4A6C-90AA-D44B3DF5BC8E}
	EndGlobalSection
EndGlobal
